
Microsoft Visual Studio Solution File, Format Version 12.00
# Visual Studio Version 17
VisualStudioVersion = 17.14.36401.2 d17.14
MinimumVisualStudioVersion = 10.0.40219.1
Project("{FAE04EC0-301F-11D3-BF4B-00C04F79EFBC}") = "even", "even\even.csproj", "{ECB2331C-D619-4703-9935-60C32D32AFDA}"
EndProject
Global
	GlobalSection(SolutionConfigurationPlatforms) = preSolution
		Debug|Any CPU = Debug|Any CPU
		Release|Any CPU = Release|Any CPU
	EndGlobalSection
	GlobalSection(ProjectConfigurationPlatforms) = postSolution
		{ECB2331C-D619-4703-9935-60C32D32AFDA}.Debug|Any CPU.ActiveCfg = Debug|Any CPU
		{ECB2331C-D619-4703-9935-60C32D32AFDA}.Debug|Any CPU.Build.0 = Debug|Any CPU
		{ECB2331C-D619-4703-9935-60C32D32AFDA}.Release|Any CPU.ActiveCfg = Release|Any CPU
		{ECB2331C-D619-4703-9935-60C32D32AFDA}.Release|Any CPU.Build.0 = Release|Any CPU
	EndGlobalSection
	GlobalSection(SolutionProperties) = preSolution
		HideSolutionNode = FALSE
	EndGlobalSection
	GlobalSection(ExtensibilityGlobals) = postSolution
		SolutionGuid = {AD5F9B9F-6F9B-4301-A351-CE4E4F87D8B3}
	EndGlobalSection
EndGlobal
