
Microsoft Visual Studio Solution File, Format Version 12.00
# Visual Studio Version 17
VisualStudioVersion = 17.14.36401.2 d17.14
MinimumVisualStudioVersion = 10.0.40219.1
Project("{FAE04EC0-301F-11D3-BF4B-00C04F79EFBC}") = "Movie Ratings", "Movie Ratings\Movie Ratings.csproj", "{BA6305E3-BD2E-401A-B4EC-614A2C5CC9C6}"
EndProject
Global
	GlobalSection(SolutionConfigurationPlatforms) = preSolution
		Debug|Any CPU = Debug|Any CPU
		Release|Any CPU = Release|Any CPU
	EndGlobalSection
	GlobalSection(ProjectConfigurationPlatforms) = postSolution
		{BA6305E3-BD2E-401A-B4EC-614A2C5CC9C6}.Debug|Any CPU.ActiveCfg = Debug|Any CPU
		{BA6305E3-BD2E-401A-B4EC-614A2C5CC9C6}.Debug|Any CPU.Build.0 = Debug|Any CPU
		{BA6305E3-BD2E-401A-B4EC-614A2C5CC9C6}.Release|Any CPU.ActiveCfg = Release|Any CPU
		{BA6305E3-BD2E-401A-B4EC-614A2C5CC9C6}.Release|Any CPU.Build.0 = Release|Any CPU
	EndGlobalSection
	GlobalSection(SolutionProperties) = preSolution
		HideSolutionNode = FALSE
	EndGlobalSection
	GlobalSection(ExtensibilityGlobals) = postSolution
		SolutionGuid = {01D47D56-B7A2-4C44-8888-06FAF3E5033E}
	EndGlobalSection
EndGlobal
