
Microsoft Visual Studio Solution File, Format Version 12.00
# Visual Studio Version 17
VisualStudioVersion = 17.14.36414.22 d17.14
MinimumVisualStudioVersion = 10.0.40219.1
Project("{FAE04EC0-301F-11D3-BF4B-00C04F79EFBC}") = "Question10", "Question10\Question10.csproj", "{9CF51210-C295-4482-BB7C-AFCEA3AEC2C8}"
EndProject
Global
	GlobalSection(SolutionConfigurationPlatforms) = preSolution
		Debug|Any CPU = Debug|Any CPU
		Release|Any CPU = Release|Any CPU
	EndGlobalSection
	GlobalSection(ProjectConfigurationPlatforms) = postSolution
		{9CF51210-C295-4482-BB7C-AFCEA3AEC2C8}.Debug|Any CPU.ActiveCfg = Debug|Any CPU
		{9CF51210-C295-4482-BB7C-AFCEA3AEC2C8}.Debug|Any CPU.Build.0 = Debug|Any CPU
		{9CF51210-C295-4482-BB7C-AFCEA3AEC2C8}.Release|Any CPU.ActiveCfg = Release|Any CPU
		{9CF51210-C295-4482-BB7C-AFCEA3AEC2C8}.Release|Any CPU.Build.0 = Release|Any CPU
	EndGlobalSection
	GlobalSection(SolutionProperties) = preSolution
		HideSolutionNode = FALSE
	EndGlobalSection
	GlobalSection(ExtensibilityGlobals) = postSolution
		SolutionGuid = {C3AD2E38-89DB-4466-9FD4-8F48F89EF393}
	EndGlobalSection
EndGlobal
