
Microsoft Visual Studio Solution File, Format Version 12.00
# Visual Studio Version 17
VisualStudioVersion = 17.14.36717.8 d17.14
MinimumVisualStudioVersion = 10.0.40219.1
Project("{FAE04EC0-301F-11D3-BF4B-00C04F79EFBC}") = "WebAPI_Sample1", "WebAPI_Sample1\WebAPI_Sample1.csproj", "{3C64D4A5-2FAA-4526-91D3-45C183D4E19A}"
EndProject
Global
	GlobalSection(SolutionConfigurationPlatforms) = preSolution
		Debug|Any CPU = Debug|Any CPU
		Release|Any CPU = Release|Any CPU
	EndGlobalSection
	GlobalSection(ProjectConfigurationPlatforms) = postSolution
		{3C64D4A5-2FAA-4526-91D3-45C183D4E19A}.Debug|Any CPU.ActiveCfg = Debug|Any CPU
		{3C64D4A5-2FAA-4526-91D3-45C183D4E19A}.Debug|Any CPU.Build.0 = Debug|Any CPU
		{3C64D4A5-2FAA-4526-91D3-45C183D4E19A}.Release|Any CPU.ActiveCfg = Release|Any CPU
		{3C64D4A5-2FAA-4526-91D3-45C183D4E19A}.Release|Any CPU.Build.0 = Release|Any CPU
	EndGlobalSection
	GlobalSection(SolutionProperties) = preSolution
		HideSolutionNode = FALSE
	EndGlobalSection
	GlobalSection(ExtensibilityGlobals) = postSolution
		SolutionGuid = {46D02D78-62FD-4A2F-B52B-72759DD30A59}
	EndGlobalSection
EndGlobal
