
Microsoft Visual Studio Solution File, Format Version 12.00
# Visual Studio Version 17
VisualStudioVersion = 17.14.36623.8 d17.14
MinimumVisualStudioVersion = 10.0.40219.1
Project("{FAE04EC0-301F-11D3-BF4B-00C04F79EFBC}") = "EF_Student", "EF_Student\EF_Student.csproj", "{B4D2F037-041D-4E0C-BCB4-EE6DF5173DB5}"
EndProject
Global
	GlobalSection(SolutionConfigurationPlatforms) = preSolution
		Debug|Any CPU = Debug|Any CPU
		Release|Any CPU = Release|Any CPU
	EndGlobalSection
	GlobalSection(ProjectConfigurationPlatforms) = postSolution
		{B4D2F037-041D-4E0C-BCB4-EE6DF5173DB5}.Debug|Any CPU.ActiveCfg = Debug|Any CPU
		{B4D2F037-041D-4E0C-BCB4-EE6DF5173DB5}.Debug|Any CPU.Build.0 = Debug|Any CPU
		{B4D2F037-041D-4E0C-BCB4-EE6DF5173DB5}.Release|Any CPU.ActiveCfg = Release|Any CPU
		{B4D2F037-041D-4E0C-BCB4-EE6DF5173DB5}.Release|Any CPU.Build.0 = Release|Any CPU
	EndGlobalSection
	GlobalSection(SolutionProperties) = preSolution
		HideSolutionNode = FALSE
	EndGlobalSection
	GlobalSection(ExtensibilityGlobals) = postSolution
		SolutionGuid = {FC83D58D-682E-4266-BE2C-4FFA662E7F26}
	EndGlobalSection
EndGlobal
