
Microsoft Visual Studio Solution File, Format Version 12.00
# Visual Studio Version 17
VisualStudioVersion = 17.14.36414.22 d17.14
MinimumVisualStudioVersion = 10.0.40219.1
Project("{FAE04EC0-301F-11D3-BF4B-00C04F79EFBC}") = "Example5", "Example5\Example5.csproj", "{FB55EB52-BC48-4764-A4F6-40EEE0C56773}"
EndProject
Global
	GlobalSection(SolutionConfigurationPlatforms) = preSolution
		Debug|Any CPU = Debug|Any CPU
		Release|Any CPU = Release|Any CPU
	EndGlobalSection
	GlobalSection(ProjectConfigurationPlatforms) = postSolution
		{FB55EB52-BC48-4764-A4F6-40EEE0C56773}.Debug|Any CPU.ActiveCfg = Debug|Any CPU
		{FB55EB52-BC48-4764-A4F6-40EEE0C56773}.Debug|Any CPU.Build.0 = Debug|Any CPU
		{FB55EB52-BC48-4764-A4F6-40EEE0C56773}.Release|Any CPU.ActiveCfg = Release|Any CPU
		{FB55EB52-BC48-4764-A4F6-40EEE0C56773}.Release|Any CPU.Build.0 = Release|Any CPU
	EndGlobalSection
	GlobalSection(SolutionProperties) = preSolution
		HideSolutionNode = FALSE
	EndGlobalSection
	GlobalSection(ExtensibilityGlobals) = postSolution
		SolutionGuid = {F7AEF0AE-0FA1-40E3-80F5-18B32985E5AB}
	EndGlobalSection
EndGlobal
