
Microsoft Visual Studio Solution File, Format Version 12.00
# Visual Studio Version 17
VisualStudioVersion = 17.14.36401.2 d17.14
MinimumVisualStudioVersion = 10.0.40219.1
Project("{FAE04EC0-301F-11D3-BF4B-00C04F79EFBC}") = "reverse_str", "reverse_str\reverse_str.csproj", "{F9108BAA-A0A4-4FA6-84E9-498E3483BAC2}"
EndProject
Global
	GlobalSection(SolutionConfigurationPlatforms) = preSolution
		Debug|Any CPU = Debug|Any CPU
		Release|Any CPU = Release|Any CPU
	EndGlobalSection
	GlobalSection(ProjectConfigurationPlatforms) = postSolution
		{F9108BAA-A0A4-4FA6-84E9-498E3483BAC2}.Debug|Any CPU.ActiveCfg = Debug|Any CPU
		{F9108BAA-A0A4-4FA6-84E9-498E3483BAC2}.Debug|Any CPU.Build.0 = Debug|Any CPU
		{F9108BAA-A0A4-4FA6-84E9-498E3483BAC2}.Release|Any CPU.ActiveCfg = Release|Any CPU
		{F9108BAA-A0A4-4FA6-84E9-498E3483BAC2}.Release|Any CPU.Build.0 = Release|Any CPU
	EndGlobalSection
	GlobalSection(SolutionProperties) = preSolution
		HideSolutionNode = FALSE
	EndGlobalSection
	GlobalSection(ExtensibilityGlobals) = postSolution
		SolutionGuid = {477982A6-776A-4623-A079-39FCC713C901}
	EndGlobalSection
EndGlobal
