
Microsoft Visual Studio Solution File, Format Version 12.00
# Visual Studio Version 17
VisualStudioVersion = 17.14.36401.2 d17.14
MinimumVisualStudioVersion = 10.0.40219.1
Project("{FAE04EC0-301F-11D3-BF4B-00C04F79EFBC}") = "Encapsulation", "Encapsulation\Encapsulation.csproj", "{CAFEF46E-1CAC-47E1-873B-F6202D44481B}"
EndProject
Global
	GlobalSection(SolutionConfigurationPlatforms) = preSolution
		Debug|Any CPU = Debug|Any CPU
		Release|Any CPU = Release|Any CPU
	EndGlobalSection
	GlobalSection(ProjectConfigurationPlatforms) = postSolution
		{CAFEF46E-1CAC-47E1-873B-F6202D44481B}.Debug|Any CPU.ActiveCfg = Debug|Any CPU
		{CAFEF46E-1CAC-47E1-873B-F6202D44481B}.Debug|Any CPU.Build.0 = Debug|Any CPU
		{CAFEF46E-1CAC-47E1-873B-F6202D44481B}.Release|Any CPU.ActiveCfg = Release|Any CPU
		{CAFEF46E-1CAC-47E1-873B-F6202D44481B}.Release|Any CPU.Build.0 = Release|Any CPU
	EndGlobalSection
	GlobalSection(SolutionProperties) = preSolution
		HideSolutionNode = FALSE
	EndGlobalSection
	GlobalSection(ExtensibilityGlobals) = postSolution
		SolutionGuid = {F8CEA6E7-95BF-48FD-B315-7406EB66C479}
	EndGlobalSection
EndGlobal
