
Microsoft Visual Studio Solution File, Format Version 12.00
# Visual Studio Version 17
VisualStudioVersion = 17.14.36401.2 d17.14
MinimumVisualStudioVersion = 10.0.40219.1
Project("{FAE04EC0-301F-11D3-BF4B-00C04F79EFBC}") = "armstron", "armstron\armstron.csproj", "{D87632E2-9553-40C5-9492-E3F4B29298F8}"
EndProject
Global
	GlobalSection(SolutionConfigurationPlatforms) = preSolution
		Debug|Any CPU = Debug|Any CPU
		Release|Any CPU = Release|Any CPU
	EndGlobalSection
	GlobalSection(ProjectConfigurationPlatforms) = postSolution
		{D87632E2-9553-40C5-9492-E3F4B29298F8}.Debug|Any CPU.ActiveCfg = Debug|Any CPU
		{D87632E2-9553-40C5-9492-E3F4B29298F8}.Debug|Any CPU.Build.0 = Debug|Any CPU
		{D87632E2-9553-40C5-9492-E3F4B29298F8}.Release|Any CPU.ActiveCfg = Release|Any CPU
		{D87632E2-9553-40C5-9492-E3F4B29298F8}.Release|Any CPU.Build.0 = Release|Any CPU
	EndGlobalSection
	GlobalSection(SolutionProperties) = preSolution
		HideSolutionNode = FALSE
	EndGlobalSection
	GlobalSection(ExtensibilityGlobals) = postSolution
		SolutionGuid = {FA3DD563-7039-41DB-B89C-194BE87FA12B}
	EndGlobalSection
EndGlobal
