
Microsoft Visual Studio Solution File, Format Version 12.00
# Visual Studio Version 17
VisualStudioVersion = 17.14.36705.20
MinimumVisualStudioVersion = 10.0.40219.1
Project("{FAE04EC0-301F-11D3-BF4B-00C04F79EFBC}") = "Activity1", "Activity1\Activity1.csproj", "{CC9CEAE7-53C2-496F-BA69-4157FB4B1B2A}"
EndProject
Global
	GlobalSection(SolutionConfigurationPlatforms) = preSolution
		Debug|Any CPU = Debug|Any CPU
		Release|Any CPU = Release|Any CPU
	EndGlobalSection
	GlobalSection(ProjectConfigurationPlatforms) = postSolution
		{CC9CEAE7-53C2-496F-BA69-4157FB4B1B2A}.Debug|Any CPU.ActiveCfg = Debug|Any CPU
		{CC9CEAE7-53C2-496F-BA69-4157FB4B1B2A}.Debug|Any CPU.Build.0 = Debug|Any CPU
		{CC9CEAE7-53C2-496F-BA69-4157FB4B1B2A}.Release|Any CPU.ActiveCfg = Release|Any CPU
		{CC9CEAE7-53C2-496F-BA69-4157FB4B1B2A}.Release|Any CPU.Build.0 = Release|Any CPU
	EndGlobalSection
	GlobalSection(SolutionProperties) = preSolution
		HideSolutionNode = FALSE
	EndGlobalSection
	GlobalSection(ExtensibilityGlobals) = postSolution
		SolutionGuid = {BE0E2DCB-0C09-4E76-BA28-509A15185188}
	EndGlobalSection
EndGlobal
