
Microsoft Visual Studio Solution File, Format Version 12.00
# Visual Studio Version 17
VisualStudioVersion = 17.14.36401.2 d17.14
MinimumVisualStudioVersion = 10.0.40219.1
Project("{FAE04EC0-301F-11D3-BF4B-00C04F79EFBC}") = "average", "average\average.csproj", "{08AFC0E9-8630-46FF-AD3F-B55E991C1BCB}"
EndProject
Global
	GlobalSection(SolutionConfigurationPlatforms) = preSolution
		Debug|Any CPU = Debug|Any CPU
		Release|Any CPU = Release|Any CPU
	EndGlobalSection
	GlobalSection(ProjectConfigurationPlatforms) = postSolution
		{08AFC0E9-8630-46FF-AD3F-B55E991C1BCB}.Debug|Any CPU.ActiveCfg = Debug|Any CPU
		{08AFC0E9-8630-46FF-AD3F-B55E991C1BCB}.Debug|Any CPU.Build.0 = Debug|Any CPU
		{08AFC0E9-8630-46FF-AD3F-B55E991C1BCB}.Release|Any CPU.ActiveCfg = Release|Any CPU
		{08AFC0E9-8630-46FF-AD3F-B55E991C1BCB}.Release|Any CPU.Build.0 = Release|Any CPU
	EndGlobalSection
	GlobalSection(SolutionProperties) = preSolution
		HideSolutionNode = FALSE
	EndGlobalSection
	GlobalSection(ExtensibilityGlobals) = postSolution
		SolutionGuid = {15B51B3D-AC07-4A17-8DCC-803893EDF018}
	EndGlobalSection
EndGlobal
