
Microsoft Visual Studio Solution File, Format Version 12.00
# Visual Studio Version 17
VisualStudioVersion = 17.14.36518.9 d17.14
MinimumVisualStudioVersion = 10.0.40219.1
Project("{FAE04EC0-301F-11D3-BF4B-00C04F79EFBC}") = "SpecificElements In A List", "SpecificElements In A List\SpecificElements In A List.csproj", "{788FFB1C-40CC-4405-8699-F94CDD7ECB1F}"
EndProject
Global
	GlobalSection(SolutionConfigurationPlatforms) = preSolution
		Debug|Any CPU = Debug|Any CPU
		Release|Any CPU = Release|Any CPU
	EndGlobalSection
	GlobalSection(ProjectConfigurationPlatforms) = postSolution
		{788FFB1C-40CC-4405-8699-F94CDD7ECB1F}.Debug|Any CPU.ActiveCfg = Debug|Any CPU
		{788FFB1C-40CC-4405-8699-F94CDD7ECB1F}.Debug|Any CPU.Build.0 = Debug|Any CPU
		{788FFB1C-40CC-4405-8699-F94CDD7ECB1F}.Release|Any CPU.ActiveCfg = Release|Any CPU
		{788FFB1C-40CC-4405-8699-F94CDD7ECB1F}.Release|Any CPU.Build.0 = Release|Any CPU
	EndGlobalSection
	GlobalSection(SolutionProperties) = preSolution
		HideSolutionNode = FALSE
	EndGlobalSection
	GlobalSection(ExtensibilityGlobals) = postSolution
		SolutionGuid = {EE643BCA-A1FF-4FE7-9C75-F477A8BF7938}
	EndGlobalSection
EndGlobal
