
Microsoft Visual Studio Solution File, Format Version 12.00
# Visual Studio Version 17
VisualStudioVersion = 17.14.36401.2 d17.14
MinimumVisualStudioVersion = 10.0.40219.1
Project("{FAE04EC0-301F-11D3-BF4B-00C04F79EFBC}") = "job_Provider", "job_Provider\job_Provider.csproj", "{92AE659F-B1FD-4A3F-B8AC-5EAD6749B057}"
EndProject
Global
	GlobalSection(SolutionConfigurationPlatforms) = preSolution
		Debug|Any CPU = Debug|Any CPU
		Release|Any CPU = Release|Any CPU
	EndGlobalSection
	GlobalSection(ProjectConfigurationPlatforms) = postSolution
		{92AE659F-B1FD-4A3F-B8AC-5EAD6749B057}.Debug|Any CPU.ActiveCfg = Debug|Any CPU
		{92AE659F-B1FD-4A3F-B8AC-5EAD6749B057}.Debug|Any CPU.Build.0 = Debug|Any CPU
		{92AE659F-B1FD-4A3F-B8AC-5EAD6749B057}.Release|Any CPU.ActiveCfg = Release|Any CPU
		{92AE659F-B1FD-4A3F-B8AC-5EAD6749B057}.Release|Any CPU.Build.0 = Release|Any CPU
	EndGlobalSection
	GlobalSection(SolutionProperties) = preSolution
		HideSolutionNode = FALSE
	EndGlobalSection
	GlobalSection(ExtensibilityGlobals) = postSolution
		SolutionGuid = {CF89F607-6873-4450-87D5-EF14645453B4}
	EndGlobalSection
EndGlobal
