
Microsoft Visual Studio Solution File, Format Version 12.00
# Visual Studio Version 17
VisualStudioVersion = 17.14.36414.22 d17.14
MinimumVisualStudioVersion = 10.0.40219.1
Project("{FAE04EC0-301F-11D3-BF4B-00C04F79EFBC}") = "Example8", "Example8\Example8.csproj", "{47BF2EAE-8867-42F0-B02D-FB748C810E14}"
EndProject
Global
	GlobalSection(SolutionConfigurationPlatforms) = preSolution
		Debug|Any CPU = Debug|Any CPU
		Release|Any CPU = Release|Any CPU
	EndGlobalSection
	GlobalSection(ProjectConfigurationPlatforms) = postSolution
		{47BF2EAE-8867-42F0-B02D-FB748C810E14}.Debug|Any CPU.ActiveCfg = Debug|Any CPU
		{47BF2EAE-8867-42F0-B02D-FB748C810E14}.Debug|Any CPU.Build.0 = Debug|Any CPU
		{47BF2EAE-8867-42F0-B02D-FB748C810E14}.Release|Any CPU.ActiveCfg = Release|Any CPU
		{47BF2EAE-8867-42F0-B02D-FB748C810E14}.Release|Any CPU.Build.0 = Release|Any CPU
	EndGlobalSection
	GlobalSection(SolutionProperties) = preSolution
		HideSolutionNode = FALSE
	EndGlobalSection
	GlobalSection(ExtensibilityGlobals) = postSolution
		SolutionGuid = {064B897D-D007-4D21-8F34-95D07252095D}
	EndGlobalSection
EndGlobal
