
Microsoft Visual Studio Solution File, Format Version 12.00
# Visual Studio Version 17
VisualStudioVersion = 17.14.36401.2 d17.14
MinimumVisualStudioVersion = 10.0.40219.1
Project("{FAE04EC0-301F-11D3-BF4B-00C04F79EFBC}") = "vowels&consonants", "vowels&consonants\vowels&consonants.csproj", "{5E5EC72F-37D2-487C-92A9-EECBE1D5425C}"
EndProject
Global
	GlobalSection(SolutionConfigurationPlatforms) = preSolution
		Debug|Any CPU = Debug|Any CPU
		Release|Any CPU = Release|Any CPU
	EndGlobalSection
	GlobalSection(ProjectConfigurationPlatforms) = postSolution
		{5E5EC72F-37D2-487C-92A9-EECBE1D5425C}.Debug|Any CPU.ActiveCfg = Debug|Any CPU
		{5E5EC72F-37D2-487C-92A9-EECBE1D5425C}.Debug|Any CPU.Build.0 = Debug|Any CPU
		{5E5EC72F-37D2-487C-92A9-EECBE1D5425C}.Release|Any CPU.ActiveCfg = Release|Any CPU
		{5E5EC72F-37D2-487C-92A9-EECBE1D5425C}.Release|Any CPU.Build.0 = Release|Any CPU
	EndGlobalSection
	GlobalSection(SolutionProperties) = preSolution
		HideSolutionNode = FALSE
	EndGlobalSection
	GlobalSection(ExtensibilityGlobals) = postSolution
		SolutionGuid = {EABB270E-D312-4918-A05E-2EBC5BC8F24B}
	EndGlobalSection
EndGlobal
