
Microsoft Visual Studio Solution File, Format Version 12.00
# Visual Studio Version 17
VisualStudioVersion = 17.14.36401.2 d17.14
MinimumVisualStudioVersion = 10.0.40219.1
Project("{FAE04EC0-301F-11D3-BF4B-00C04F79EFBC}") = "Employee Records", "Employee Records\Employee Records.csproj", "{C49D49FA-6902-4571-A836-0A07F2359F76}"
EndProject
Global
	GlobalSection(SolutionConfigurationPlatforms) = preSolution
		Debug|Any CPU = Debug|Any CPU
		Release|Any CPU = Release|Any CPU
	EndGlobalSection
	GlobalSection(ProjectConfigurationPlatforms) = postSolution
		{C49D49FA-6902-4571-A836-0A07F2359F76}.Debug|Any CPU.ActiveCfg = Debug|Any CPU
		{C49D49FA-6902-4571-A836-0A07F2359F76}.Debug|Any CPU.Build.0 = Debug|Any CPU
		{C49D49FA-6902-4571-A836-0A07F2359F76}.Release|Any CPU.ActiveCfg = Release|Any CPU
		{C49D49FA-6902-4571-A836-0A07F2359F76}.Release|Any CPU.Build.0 = Release|Any CPU
	EndGlobalSection
	GlobalSection(SolutionProperties) = preSolution
		HideSolutionNode = FALSE
	EndGlobalSection
	GlobalSection(ExtensibilityGlobals) = postSolution
		SolutionGuid = {A772C726-7450-41D7-B43C-496129F98322}
	EndGlobalSection
EndGlobal
