
Microsoft Visual Studio Solution File, Format Version 12.00
# Visual Studio Version 17
VisualStudioVersion = 17.14.36401.2 d17.14
MinimumVisualStudioVersion = 10.0.40219.1
Project("{FAE04EC0-301F-11D3-BF4B-00C04F79EFBC}") = "even or odd", "even or odd\even or odd.csproj", "{D66C949A-7DDB-46D7-B7D2-C96BDE84BFEB}"
EndProject
Global
	GlobalSection(SolutionConfigurationPlatforms) = preSolution
		Debug|Any CPU = Debug|Any CPU
		Release|Any CPU = Release|Any CPU
	EndGlobalSection
	GlobalSection(ProjectConfigurationPlatforms) = postSolution
		{D66C949A-7DDB-46D7-B7D2-C96BDE84BFEB}.Debug|Any CPU.ActiveCfg = Debug|Any CPU
		{D66C949A-7DDB-46D7-B7D2-C96BDE84BFEB}.Debug|Any CPU.Build.0 = Debug|Any CPU
		{D66C949A-7DDB-46D7-B7D2-C96BDE84BFEB}.Release|Any CPU.ActiveCfg = Release|Any CPU
		{D66C949A-7DDB-46D7-B7D2-C96BDE84BFEB}.Release|Any CPU.Build.0 = Release|Any CPU
	EndGlobalSection
	GlobalSection(SolutionProperties) = preSolution
		HideSolutionNode = FALSE
	EndGlobalSection
	GlobalSection(ExtensibilityGlobals) = postSolution
		SolutionGuid = {FD8F5F76-44AD-48E0-AF06-BC13C400D180}
	EndGlobalSection
EndGlobal
