
Microsoft Visual Studio Solution File, Format Version 12.00
# Visual Studio Version 17
VisualStudioVersion = 17.14.36518.9 d17.14
MinimumVisualStudioVersion = 10.0.40219.1
Project("{FAE04EC0-301F-11D3-BF4B-00C04F79EFBC}") = "RazorDFA", "RazorDFA\RazorDFA.csproj", "{F429B19B-DFF2-45EA-B099-7ADB8C458AF1}"
EndProject
Global
	GlobalSection(SolutionConfigurationPlatforms) = preSolution
		Debug|Any CPU = Debug|Any CPU
		Release|Any CPU = Release|Any CPU
	EndGlobalSection
	GlobalSection(ProjectConfigurationPlatforms) = postSolution
		{F429B19B-DFF2-45EA-B099-7ADB8C458AF1}.Debug|Any CPU.ActiveCfg = Debug|Any CPU
		{F429B19B-DFF2-45EA-B099-7ADB8C458AF1}.Debug|Any CPU.Build.0 = Debug|Any CPU
		{F429B19B-DFF2-45EA-B099-7ADB8C458AF1}.Release|Any CPU.ActiveCfg = Release|Any CPU
		{F429B19B-DFF2-45EA-B099-7ADB8C458AF1}.Release|Any CPU.Build.0 = Release|Any CPU
	EndGlobalSection
	GlobalSection(SolutionProperties) = preSolution
		HideSolutionNode = FALSE
	EndGlobalSection
	GlobalSection(ExtensibilityGlobals) = postSolution
		SolutionGuid = {8ED2CA85-E83F-4313-8D49-2ECF906632B3}
	EndGlobalSection
EndGlobal
