
Microsoft Visual Studio Solution File, Format Version 12.00
# Visual Studio Version 17
VisualStudioVersion = 17.14.36401.2 d17.14
MinimumVisualStudioVersion = 10.0.40219.1
Project("{FAE04EC0-301F-11D3-BF4B-00C04F79EFBC}") = "CompanyRegistration", "CompanyRegistration\CompanyRegistration.csproj", "{2F877676-35B1-420E-B7BE-4BDB99536212}"
EndProject
Global
	GlobalSection(SolutionConfigurationPlatforms) = preSolution
		Debug|Any CPU = Debug|Any CPU
		Release|Any CPU = Release|Any CPU
	EndGlobalSection
	GlobalSection(ProjectConfigurationPlatforms) = postSolution
		{2F877676-35B1-420E-B7BE-4BDB99536212}.Debug|Any CPU.ActiveCfg = Debug|Any CPU
		{2F877676-35B1-420E-B7BE-4BDB99536212}.Debug|Any CPU.Build.0 = Debug|Any CPU
		{2F877676-35B1-420E-B7BE-4BDB99536212}.Release|Any CPU.ActiveCfg = Release|Any CPU
		{2F877676-35B1-420E-B7BE-4BDB99536212}.Release|Any CPU.Build.0 = Release|Any CPU
	EndGlobalSection
	GlobalSection(SolutionProperties) = preSolution
		HideSolutionNode = FALSE
	EndGlobalSection
	GlobalSection(ExtensibilityGlobals) = postSolution
		SolutionGuid = {836481F4-1A7F-4CAE-B5A7-0DBDE133B69A}
	EndGlobalSection
EndGlobal
