
Microsoft Visual Studio Solution File, Format Version 12.00
# Visual Studio Version 17
VisualStudioVersion = 17.14.36401.2 d17.14
MinimumVisualStudioVersion = 10.0.40219.1
Project("{FAE04EC0-301F-11D3-BF4B-00C04F79EFBC}") = "vowels_consonants", "vowels_consonants\vowels_consonants.csproj", "{EA7A2A0C-1C6D-4C6B-99D9-6CEB1C711F8A}"
EndProject
Global
	GlobalSection(SolutionConfigurationPlatforms) = preSolution
		Debug|Any CPU = Debug|Any CPU
		Release|Any CPU = Release|Any CPU
	EndGlobalSection
	GlobalSection(ProjectConfigurationPlatforms) = postSolution
		{EA7A2A0C-1C6D-4C6B-99D9-6CEB1C711F8A}.Debug|Any CPU.ActiveCfg = Debug|Any CPU
		{EA7A2A0C-1C6D-4C6B-99D9-6CEB1C711F8A}.Debug|Any CPU.Build.0 = Debug|Any CPU
		{EA7A2A0C-1C6D-4C6B-99D9-6CEB1C711F8A}.Release|Any CPU.ActiveCfg = Release|Any CPU
		{EA7A2A0C-1C6D-4C6B-99D9-6CEB1C711F8A}.Release|Any CPU.Build.0 = Release|Any CPU
	EndGlobalSection
	GlobalSection(SolutionProperties) = preSolution
		HideSolutionNode = FALSE
	EndGlobalSection
	GlobalSection(ExtensibilityGlobals) = postSolution
		SolutionGuid = {95D569A2-7BAB-4EF4-87DB-1B77967FF22D}
	EndGlobalSection
EndGlobal
