
Microsoft Visual Studio Solution File, Format Version 12.00
# Visual Studio Version 17
VisualStudioVersion = 17.14.36414.22 d17.14
MinimumVisualStudioVersion = 10.0.40219.1
Project("{FAE04EC0-301F-11D3-BF4B-00C04F79EFBC}") = "CFA_EF", "CFA_EF\CFA_EF.csproj", "{D060B560-4EC9-44C5-B50C-7ACD59CF08D2}"
EndProject
Global
	GlobalSection(SolutionConfigurationPlatforms) = preSolution
		Debug|Any CPU = Debug|Any CPU
		Release|Any CPU = Release|Any CPU
	EndGlobalSection
	GlobalSection(ProjectConfigurationPlatforms) = postSolution
		{D060B560-4EC9-44C5-B50C-7ACD59CF08D2}.Debug|Any CPU.ActiveCfg = Debug|Any CPU
		{D060B560-4EC9-44C5-B50C-7ACD59CF08D2}.Debug|Any CPU.Build.0 = Debug|Any CPU
		{D060B560-4EC9-44C5-B50C-7ACD59CF08D2}.Release|Any CPU.ActiveCfg = Release|Any CPU
		{D060B560-4EC9-44C5-B50C-7ACD59CF08D2}.Release|Any CPU.Build.0 = Release|Any CPU
	EndGlobalSection
	GlobalSection(SolutionProperties) = preSolution
		HideSolutionNode = FALSE
	EndGlobalSection
	GlobalSection(ExtensibilityGlobals) = postSolution
		SolutionGuid = {61C08A77-A492-4D50-B4C2-29B4999C9FED}
	EndGlobalSection
EndGlobal
