
Microsoft Visual Studio Solution File, Format Version 12.00
# Visual Studio Version 17
VisualStudioVersion = 17.12.35506.116 d17.12
MinimumVisualStudioVersion = 10.0.40219.1
Project("{FAE04EC0-301F-11D3-BF4B-00C04F79EFBC}") = "HiremenowAdmin", "HiremenowAdmin\HiremenowAdmin.csproj", "{5301FB78-AE66-4F19-9800-97793FCEE90D}"
EndProject
Project("{FAE04EC0-301F-11D3-BF4B-00C04F79EFBC}") = "Domain", "Domain\Domain.csproj", "{448BB984-0A9F-4DAA-A1E3-7C2A4ED4EA06}"
EndProject
Global
	GlobalSection(SolutionConfigurationPlatforms) = preSolution
		Debug|Any CPU = Debug|Any CPU
		Release|Any CPU = Release|Any CPU
	EndGlobalSection
	GlobalSection(ProjectConfigurationPlatforms) = postSolution
		{5301FB78-AE66-4F19-9800-97793FCEE90D}.Debug|Any CPU.ActiveCfg = Debug|Any CPU
		{5301FB78-AE66-4F19-9800-97793FCEE90D}.Debug|Any CPU.Build.0 = Debug|Any CPU
		{5301FB78-AE66-4F19-9800-97793FCEE90D}.Release|Any CPU.ActiveCfg = Release|Any CPU
		{5301FB78-AE66-4F19-9800-97793FCEE90D}.Release|Any CPU.Build.0 = Release|Any CPU
		{448BB984-0A9F-4DAA-A1E3-7C2A4ED4EA06}.Debug|Any CPU.ActiveCfg = Debug|Any CPU
		{448BB984-0A9F-4DAA-A1E3-7C2A4ED4EA06}.Debug|Any CPU.Build.0 = Debug|Any CPU
		{448BB984-0A9F-4DAA-A1E3-7C2A4ED4EA06}.Release|Any CPU.ActiveCfg = Release|Any CPU
		{448BB984-0A9F-4DAA-A1E3-7C2A4ED4EA06}.Release|Any CPU.Build.0 = Release|Any CPU
	EndGlobalSection
	GlobalSection(SolutionProperties) = preSolution
		HideSolutionNode = FALSE
	EndGlobalSection
EndGlobal
