
Microsoft Visual Studio Solution File, Format Version 12.00
# Visual Studio Version 17
VisualStudioVersion = 17.14.36518.9 d17.14
MinimumVisualStudioVersion = 10.0.40219.1
Project("{FAE04EC0-301F-11D3-BF4B-00C04F79EFBC}") = "Group By A Property", "Group By A Property\Group By A Property.csproj", "{B92584AB-5542-4C52-8091-F88C66748E45}"
EndProject
Global
	GlobalSection(SolutionConfigurationPlatforms) = preSolution
		Debug|Any CPU = Debug|Any CPU
		Release|Any CPU = Release|Any CPU
	EndGlobalSection
	GlobalSection(ProjectConfigurationPlatforms) = postSolution
		{B92584AB-5542-4C52-8091-F88C66748E45}.Debug|Any CPU.ActiveCfg = Debug|Any CPU
		{B92584AB-5542-4C52-8091-F88C66748E45}.Debug|Any CPU.Build.0 = Debug|Any CPU
		{B92584AB-5542-4C52-8091-F88C66748E45}.Release|Any CPU.ActiveCfg = Release|Any CPU
		{B92584AB-5542-4C52-8091-F88C66748E45}.Release|Any CPU.Build.0 = Release|Any CPU
	EndGlobalSection
	GlobalSection(SolutionProperties) = preSolution
		HideSolutionNode = FALSE
	EndGlobalSection
	GlobalSection(ExtensibilityGlobals) = postSolution
		SolutionGuid = {917F3353-931D-4C2B-8974-4C6111EA27E1}
	EndGlobalSection
EndGlobal
