
Microsoft Visual Studio Solution File, Format Version 12.00
# Visual Studio Version 17
VisualStudioVersion = 17.14.36401.2 d17.14
MinimumVisualStudioVersion = 10.0.40219.1
Project("{FAE04EC0-301F-11D3-BF4B-00C04F79EFBC}") = "diamond pattern", "diamond pattern\diamond pattern.csproj", "{2ACADD28-24CC-4931-A52F-B6EC0A1AE697}"
EndProject
Global
	GlobalSection(SolutionConfigurationPlatforms) = preSolution
		Debug|Any CPU = Debug|Any CPU
		Release|Any CPU = Release|Any CPU
	EndGlobalSection
	GlobalSection(ProjectConfigurationPlatforms) = postSolution
		{2ACADD28-24CC-4931-A52F-B6EC0A1AE697}.Debug|Any CPU.ActiveCfg = Debug|Any CPU
		{2ACADD28-24CC-4931-A52F-B6EC0A1AE697}.Debug|Any CPU.Build.0 = Debug|Any CPU
		{2ACADD28-24CC-4931-A52F-B6EC0A1AE697}.Release|Any CPU.ActiveCfg = Release|Any CPU
		{2ACADD28-24CC-4931-A52F-B6EC0A1AE697}.Release|Any CPU.Build.0 = Release|Any CPU
	EndGlobalSection
	GlobalSection(SolutionProperties) = preSolution
		HideSolutionNode = FALSE
	EndGlobalSection
	GlobalSection(ExtensibilityGlobals) = postSolution
		SolutionGuid = {C4CD6C57-8BA3-42BC-B504-ECAC7F639BBD}
	EndGlobalSection
EndGlobal
