
Microsoft Visual Studio Solution File, Format Version 12.00
# Visual Studio Version 17
VisualStudioVersion = 17.14.36401.2 d17.14
MinimumVisualStudioVersion = 10.0.40219.1
Project("{FAE04EC0-301F-11D3-BF4B-00C04F79EFBC}") = "right_angled", "right_angled\right_angled.csproj", "{69BE4BAB-32CF-4D1B-9E36-A5D8F602ADDF}"
EndProject
Global
	GlobalSection(SolutionConfigurationPlatforms) = preSolution
		Debug|Any CPU = Debug|Any CPU
		Release|Any CPU = Release|Any CPU
	EndGlobalSection
	GlobalSection(ProjectConfigurationPlatforms) = postSolution
		{69BE4BAB-32CF-4D1B-9E36-A5D8F602ADDF}.Debug|Any CPU.ActiveCfg = Debug|Any CPU
		{69BE4BAB-32CF-4D1B-9E36-A5D8F602ADDF}.Debug|Any CPU.Build.0 = Debug|Any CPU
		{69BE4BAB-32CF-4D1B-9E36-A5D8F602ADDF}.Release|Any CPU.ActiveCfg = Release|Any CPU
		{69BE4BAB-32CF-4D1B-9E36-A5D8F602ADDF}.Release|Any CPU.Build.0 = Release|Any CPU
	EndGlobalSection
	GlobalSection(SolutionProperties) = preSolution
		HideSolutionNode = FALSE
	EndGlobalSection
	GlobalSection(ExtensibilityGlobals) = postSolution
		SolutionGuid = {2E3B0362-A997-402E-8A9B-98F8035B4EBE}
	EndGlobalSection
EndGlobal
