
Microsoft Visual Studio Solution File, Format Version 12.00
# Visual Studio Version 17
VisualStudioVersion = 17.14.36401.2 d17.14
MinimumVisualStudioVersion = 10.0.40219.1
Project("{FAE04EC0-301F-11D3-BF4B-00C04F79EFBC}") = "char_Frequency", "char_Frequency\char_Frequency.csproj", "{7BD692EE-7BDE-4C87-839C-5898A3662203}"
EndProject
Global
	GlobalSection(SolutionConfigurationPlatforms) = preSolution
		Debug|Any CPU = Debug|Any CPU
		Release|Any CPU = Release|Any CPU
	EndGlobalSection
	GlobalSection(ProjectConfigurationPlatforms) = postSolution
		{7BD692EE-7BDE-4C87-839C-5898A3662203}.Debug|Any CPU.ActiveCfg = Debug|Any CPU
		{7BD692EE-7BDE-4C87-839C-5898A3662203}.Debug|Any CPU.Build.0 = Debug|Any CPU
		{7BD692EE-7BDE-4C87-839C-5898A3662203}.Release|Any CPU.ActiveCfg = Release|Any CPU
		{7BD692EE-7BDE-4C87-839C-5898A3662203}.Release|Any CPU.Build.0 = Release|Any CPU
	EndGlobalSection
	GlobalSection(SolutionProperties) = preSolution
		HideSolutionNode = FALSE
	EndGlobalSection
	GlobalSection(ExtensibilityGlobals) = postSolution
		SolutionGuid = {81662B83-047A-4945-AE55-C7CC4687539B}
	EndGlobalSection
EndGlobal
