
Microsoft Visual Studio Solution File, Format Version 12.00
# Visual Studio Version 17
VisualStudioVersion = 17.14.36401.2 d17.14
MinimumVisualStudioVersion = 10.0.40219.1
Project("{FAE04EC0-301F-11D3-BF4B-00C04F79EFBC}") = "pyramid pattern", "pyramid pattern\pyramid pattern.csproj", "{6496F47C-1E0B-40DA-B526-3F59CF47B12A}"
EndProject
Global
	GlobalSection(SolutionConfigurationPlatforms) = preSolution
		Debug|Any CPU = Debug|Any CPU
		Release|Any CPU = Release|Any CPU
	EndGlobalSection
	GlobalSection(ProjectConfigurationPlatforms) = postSolution
		{6496F47C-1E0B-40DA-B526-3F59CF47B12A}.Debug|Any CPU.ActiveCfg = Debug|Any CPU
		{6496F47C-1E0B-40DA-B526-3F59CF47B12A}.Debug|Any CPU.Build.0 = Debug|Any CPU
		{6496F47C-1E0B-40DA-B526-3F59CF47B12A}.Release|Any CPU.ActiveCfg = Release|Any CPU
		{6496F47C-1E0B-40DA-B526-3F59CF47B12A}.Release|Any CPU.Build.0 = Release|Any CPU
	EndGlobalSection
	GlobalSection(SolutionProperties) = preSolution
		HideSolutionNode = FALSE
	EndGlobalSection
	GlobalSection(ExtensibilityGlobals) = postSolution
		SolutionGuid = {52E014FE-F0D9-46CF-A4AA-4683EEE2A855}
	EndGlobalSection
EndGlobal
