
Microsoft Visual Studio Solution File, Format Version 12.00
# Visual Studio Version 17
VisualStudioVersion = 17.14.36401.2 d17.14
MinimumVisualStudioVersion = 10.0.40219.1
Project("{FAE04EC0-301F-11D3-BF4B-00C04F79EFBC}") = "secon_largest", "secon_largest\secon_largest.csproj", "{13C69207-A51E-4C49-AF60-1EE0D4A281BA}"
EndProject
Global
	GlobalSection(SolutionConfigurationPlatforms) = preSolution
		Debug|Any CPU = Debug|Any CPU
		Release|Any CPU = Release|Any CPU
	EndGlobalSection
	GlobalSection(ProjectConfigurationPlatforms) = postSolution
		{13C69207-A51E-4C49-AF60-1EE0D4A281BA}.Debug|Any CPU.ActiveCfg = Debug|Any CPU
		{13C69207-A51E-4C49-AF60-1EE0D4A281BA}.Debug|Any CPU.Build.0 = Debug|Any CPU
		{13C69207-A51E-4C49-AF60-1EE0D4A281BA}.Release|Any CPU.ActiveCfg = Release|Any CPU
		{13C69207-A51E-4C49-AF60-1EE0D4A281BA}.Release|Any CPU.Build.0 = Release|Any CPU
	EndGlobalSection
	GlobalSection(SolutionProperties) = preSolution
		HideSolutionNode = FALSE
	EndGlobalSection
	GlobalSection(ExtensibilityGlobals) = postSolution
		SolutionGuid = {C3DB3723-F3E4-4C84-833A-1D932B67B124}
	EndGlobalSection
EndGlobal
