
Microsoft Visual Studio Solution File, Format Version 12.00
# Visual Studio Version 17
VisualStudioVersion = 17.14.36401.2 d17.14
MinimumVisualStudioVersion = 10.0.40219.1
Project("{FAE04EC0-301F-11D3-BF4B-00C04F79EFBC}") = "largest_of_three_numbers", "largest_of_three_numbers\largest_of_three_numbers.csproj", "{6A96EA1B-D675-4F04-9149-16298C567CC1}"
EndProject
Global
	GlobalSection(SolutionConfigurationPlatforms) = preSolution
		Debug|Any CPU = Debug|Any CPU
		Release|Any CPU = Release|Any CPU
	EndGlobalSection
	GlobalSection(ProjectConfigurationPlatforms) = postSolution
		{6A96EA1B-D675-4F04-9149-16298C567CC1}.Debug|Any CPU.ActiveCfg = Debug|Any CPU
		{6A96EA1B-D675-4F04-9149-16298C567CC1}.Debug|Any CPU.Build.0 = Debug|Any CPU
		{6A96EA1B-D675-4F04-9149-16298C567CC1}.Release|Any CPU.ActiveCfg = Release|Any CPU
		{6A96EA1B-D675-4F04-9149-16298C567CC1}.Release|Any CPU.Build.0 = Release|Any CPU
	EndGlobalSection
	GlobalSection(SolutionProperties) = preSolution
		HideSolutionNode = FALSE
	EndGlobalSection
	GlobalSection(ExtensibilityGlobals) = postSolution
		SolutionGuid = {7B140DEE-0A69-45BE-939F-10A9C76361E0}
	EndGlobalSection
EndGlobal
